
Microsoft Visual Studio Solution File, Format Version 12.00
# Visual Studio Version 16
VisualStudioVersion = 16.0.29230.47
MinimumVisualStudioVersion = 10.0.40219.1
Project("{FAE04EC0-301F-11D3-BF4B-00C04F79EFBC}") = "Project Figuration", "Project Figuration\Project Figuration.csproj", "{429C50A1-6F14-4BCD-A30E-1148EE72E976}"
EndProject
Project("{FAE04EC0-301F-11D3-BF4B-00C04F79EFBC}") = "DescisionConstruct", "DescisionConstruct\DescisionConstruct.csproj", "{4E480B7E-FF84-46A9-9658-2F2E490AB826}"
EndProject
Project("{FAE04EC0-301F-11D3-BF4B-00C04F79EFBC}") = "Array", "Array\Array.csproj", "{24311A69-3BC9-4419-93DF-48A2424EA242}"
EndProject
Global
	GlobalSection(SolutionConfigurationPlatforms) = preSolution
		Debug|Any CPU = Debug|Any CPU
		Release|Any CPU = Release|Any CPU
	EndGlobalSection
	GlobalSection(ProjectConfigurationPlatforms) = postSolution
		{429C50A1-6F14-4BCD-A30E-1148EE72E976}.Debug|Any CPU.ActiveCfg = Debug|Any CPU
		{429C50A1-6F14-4BCD-A30E-1148EE72E976}.Debug|Any CPU.Build.0 = Debug|Any CPU
		{429C50A1-6F14-4BCD-A30E-1148EE72E976}.Release|Any CPU.ActiveCfg = Release|Any CPU
		{429C50A1-6F14-4BCD-A30E-1148EE72E976}.Release|Any CPU.Build.0 = Release|Any CPU
		{4E480B7E-FF84-46A9-9658-2F2E490AB826}.Debug|Any CPU.ActiveCfg = Debug|Any CPU
		{4E480B7E-FF84-46A9-9658-2F2E490AB826}.Debug|Any CPU.Build.0 = Debug|Any CPU
		{4E480B7E-FF84-46A9-9658-2F2E490AB826}.Release|Any CPU.ActiveCfg = Release|Any CPU
		{4E480B7E-FF84-46A9-9658-2F2E490AB826}.Release|Any CPU.Build.0 = Release|Any CPU
		{24311A69-3BC9-4419-93DF-48A2424EA242}.Debug|Any CPU.ActiveCfg = Debug|Any CPU
		{24311A69-3BC9-4419-93DF-48A2424EA242}.Debug|Any CPU.Build.0 = Debug|Any CPU
		{24311A69-3BC9-4419-93DF-48A2424EA242}.Release|Any CPU.ActiveCfg = Release|Any CPU
		{24311A69-3BC9-4419-93DF-48A2424EA242}.Release|Any CPU.Build.0 = Release|Any CPU
	EndGlobalSection
	GlobalSection(SolutionProperties) = preSolution
		HideSolutionNode = FALSE
	EndGlobalSection
	GlobalSection(ExtensibilityGlobals) = postSolution
		SolutionGuid = {37255681-9D4A-4B01-B810-970EDD1802C5}
	EndGlobalSection
EndGlobal
